{
  "lockfileVersion": 1,
  "configVersion": 0,
  "workspaces": {
    "": {
      "name": "prisma-generator-flavoured-ids",
      "dependencies": {
        "@prisma/generator-helper": "^6.19.0",
        "@prisma/internals": "^6.19.0",
      },
      "devDependencies": {
        "@biomejs/biome": "2.3.12",
        "@types/node": "^25.0.10",
        "prisma": "^6.19.0",
        "typescript": "^5.9.3",
      },
      "peerDependencies": {
        "@prisma/client": "^6.19.0",
      },
    },
  },
  "trustedDependencies": [
    "@biomejs/biome",
  ],
  "packages": {
    "@biomejs/biome": ["@biomejs/biome@2.3.12", "", { "optionalDependencies": { "@biomejs/cli-darwin-arm64": "2.3.12", "@biomejs/cli-darwin-x64": "2.3.12", "@biomejs/cli-linux-arm64": "2.3.12", "@biomejs/cli-linux-arm64-musl": "2.3.12", "@biomejs/cli-linux-x64": "2.3.12", "@biomejs/cli-linux-x64-musl": "2.3.12", "@biomejs/cli-win32-arm64": "2.3.12", "@biomejs/cli-win32-x64": "2.3.12" }, "bin": { "biome": "bin/biome" } }, "sha512-AR7h4aSlAvXj7TAajW/V12BOw2EiS0AqZWV5dGozf4nlLoUF/ifvD0+YgKSskT0ylA6dY1A8AwgP8kZ6yaCQnA=="],

    "@biomejs/cli-darwin-arm64": ["@biomejs/cli-darwin-arm64@2.3.12", "", { "os": "darwin", "cpu": "arm64" }, "sha512-cO6fn+KiMBemva6EARDLQBxeyvLzgidaFRJi8G7OeRqz54kWK0E+uSjgFaiHlc3DZYoa0+1UFE8mDxozpc9ieg=="],

    "@biomejs/cli-darwin-x64": ["@biomejs/cli-darwin-x64@2.3.12", "", { "os": "darwin", "cpu": "x64" }, "sha512-/fiF/qmudKwSdvmSrSe/gOTkW77mHHkH8Iy7YC2rmpLuk27kbaUOPa7kPiH5l+3lJzTUfU/t6x1OuIq/7SGtxg=="],

    "@biomejs/cli-linux-arm64": ["@biomejs/cli-linux-arm64@2.3.12", "", { "os": "linux", "cpu": "arm64" }, "sha512-nbOsuQROa3DLla5vvsTZg+T5WVPGi9/vYxETm9BOuLHBJN3oWQIg3MIkE2OfL18df1ZtNkqXkH6Yg9mdTPem7A=="],

    "@biomejs/cli-linux-arm64-musl": ["@biomejs/cli-linux-arm64-musl@2.3.12", "", { "os": "linux", "cpu": "arm64" }, "sha512-aqkeSf7IH+wkzFpKeDVPSXy9uDjxtLpYA6yzkYsY+tVjwFFirSuajHDI3ul8en90XNs1NA0n8kgBrjwRi5JeyA=="],

    "@biomejs/cli-linux-x64": ["@biomejs/cli-linux-x64@2.3.12", "", { "os": "linux", "cpu": "x64" }, "sha512-CQtqrJ+qEEI8tgRSTjjzk6wJAwfH3wQlkIGsM5dlecfRZaoT+XCms/mf7G4kWNexrke6mnkRzNy6w8ebV177ow=="],

    "@biomejs/cli-linux-x64-musl": ["@biomejs/cli-linux-x64-musl@2.3.12", "", { "os": "linux", "cpu": "x64" }, "sha512-kVGWtupRRsOjvw47YFkk5mLiAdpCPMWBo1jOwAzh+juDpUb2sWarIp+iq+CPL1Wt0LLZnYtP7hH5kD6fskcxmg=="],

    "@biomejs/cli-win32-arm64": ["@biomejs/cli-win32-arm64@2.3.12", "", { "os": "win32", "cpu": "arm64" }, "sha512-Re4I7UnOoyE4kHMqpgtG6UvSBGBbbtvsOvBROgCCoH7EgANN6plSQhvo2W7OCITvTp7gD6oZOyZy72lUdXjqZg=="],

    "@biomejs/cli-win32-x64": ["@biomejs/cli-win32-x64@2.3.12", "", { "os": "win32", "cpu": "x64" }, "sha512-qqGVWqNNek0KikwPZlOIoxtXgsNGsX+rgdEzgw82Re8nF02W+E2WokaQhpF5TdBh/D/RQ3TLppH+otp6ztN0lw=="],

    "@prisma/client": ["@prisma/client@https://registry.npmjs.org/@prisma/client/-/client-5.22.0.tgz", {}],

    "@prisma/config": ["@prisma/config@https://registry.npmjs.org/@prisma/config/-/config-6.19.1.tgz", { "dependencies": { "c12": "3.1.0", "deepmerge-ts": "7.1.5", "effect": "3.18.4", "empathic": "2.0.0" } }],

    "@prisma/debug": ["@prisma/debug@https://registry.npmjs.org/@prisma/debug/-/debug-6.19.1.tgz", {}],

    "@prisma/dmmf": ["@prisma/dmmf@https://registry.npmjs.org/@prisma/dmmf/-/dmmf-6.19.1.tgz", {}],

    "@prisma/driver-adapter-utils": ["@prisma/driver-adapter-utils@https://registry.npmjs.org/@prisma/driver-adapter-utils/-/driver-adapter-utils-6.19.1.tgz", { "dependencies": { "@prisma/debug": "6.19.1" } }],

    "@prisma/engines": ["@prisma/engines@https://registry.npmjs.org/@prisma/engines/-/engines-6.19.1.tgz", { "dependencies": { "@prisma/debug": "6.19.1", "@prisma/engines-version": "7.1.1-3.c2990dca591cba766e3b7ef5d9e8a84796e47ab7", "@prisma/fetch-engine": "6.19.1", "@prisma/get-platform": "6.19.1" } }],

    "@prisma/engines-version": ["@prisma/engines-version@https://registry.npmjs.org/@prisma/engines-version/-/engines-version-7.1.1-3.c2990dca591cba766e3b7ef5d9e8a84796e47ab7.tgz", {}],

    "@prisma/fetch-engine": ["@prisma/fetch-engine@https://registry.npmjs.org/@prisma/fetch-engine/-/fetch-engine-6.19.1.tgz", { "dependencies": { "@prisma/debug": "6.19.1", "@prisma/engines-version": "7.1.1-3.c2990dca591cba766e3b7ef5d9e8a84796e47ab7", "@prisma/get-platform": "6.19.1" } }],

    "@prisma/generator": ["@prisma/generator@https://registry.npmjs.org/@prisma/generator/-/generator-6.19.1.tgz", {}],

    "@prisma/generator-helper": ["@prisma/generator-helper@https://registry.npmjs.org/@prisma/generator-helper/-/generator-helper-6.19.1.tgz", { "dependencies": { "@prisma/debug": "6.19.1", "@prisma/dmmf": "6.19.1", "@prisma/generator": "6.19.1" } }],

    "@prisma/get-platform": ["@prisma/get-platform@https://registry.npmjs.org/@prisma/get-platform/-/get-platform-6.19.1.tgz", { "dependencies": { "@prisma/debug": "6.19.1" } }],

    "@prisma/internals": ["@prisma/internals@https://registry.npmjs.org/@prisma/internals/-/internals-6.19.1.tgz", { "dependencies": { "@prisma/config": "6.19.1", "@prisma/debug": "6.19.1", "@prisma/dmmf": "6.19.1", "@prisma/driver-adapter-utils": "6.19.1", "@prisma/engines": "6.19.1", "@prisma/fetch-engine": "6.19.1", "@prisma/generator": "6.19.1", "@prisma/generator-helper": "6.19.1", "@prisma/get-platform": "6.19.1", "@prisma/prisma-schema-wasm": "7.1.1-3.c2990dca591cba766e3b7ef5d9e8a84796e47ab7", "@prisma/schema-engine-wasm": "7.1.1-3.c2990dca591cba766e3b7ef5d9e8a84796e47ab7", "@prisma/schema-files-loader": "6.19.1", "arg": "5.0.2", "prompts": "2.4.2" } }],

    "@prisma/prisma-schema-wasm": ["@prisma/prisma-schema-wasm@https://registry.npmjs.org/@prisma/prisma-schema-wasm/-/prisma-schema-wasm-7.1.1-3.c2990dca591cba766e3b7ef5d9e8a84796e47ab7.tgz", {}],

    "@prisma/schema-engine-wasm": ["@prisma/schema-engine-wasm@https://registry.npmjs.org/@prisma/schema-engine-wasm/-/schema-engine-wasm-7.1.1-3.c2990dca591cba766e3b7ef5d9e8a84796e47ab7.tgz", {}],

    "@prisma/schema-files-loader": ["@prisma/schema-files-loader@https://registry.npmjs.org/@prisma/schema-files-loader/-/schema-files-loader-6.19.1.tgz", { "dependencies": { "@prisma/prisma-schema-wasm": "7.1.1-3.c2990dca591cba766e3b7ef5d9e8a84796e47ab7", "fs-extra": "11.3.0" } }],

    "@standard-schema/spec": ["@standard-schema/spec@https://registry.npmjs.org/@standard-schema/spec/-/spec-1.1.0.tgz", {}],

    "@types/node": ["@types/node@25.0.10", "", { "dependencies": { "undici-types": "~7.16.0" } }, "sha512-zWW5KPngR/yvakJgGOmZ5vTBemDoSqF3AcV/LrO5u5wTWyEAVVh+IT39G4gtyAkh3CtTZs8aX/yRM82OfzHJRg=="],

    "arg": ["arg@https://registry.npmjs.org/arg/-/arg-5.0.2.tgz", {}],

    "c12": ["c12@https://registry.npmjs.org/c12/-/c12-3.1.0.tgz", { "dependencies": { "chokidar": "^4.0.3", "confbox": "^0.2.2", "defu": "^6.1.4", "dotenv": "^16.6.1", "exsolve": "^1.0.7", "giget": "^2.0.0", "jiti": "^2.4.2", "ohash": "^2.0.11", "pathe": "^2.0.3", "perfect-debounce": "^1.0.0", "pkg-types": "^2.2.0", "rc9": "^2.1.2" } }],

    "chokidar": ["chokidar@https://registry.npmjs.org/chokidar/-/chokidar-4.0.3.tgz", { "dependencies": { "readdirp": "^4.0.1" } }],

    "citty": ["citty@https://registry.npmjs.org/citty/-/citty-0.1.6.tgz", { "dependencies": { "consola": "^3.2.3" } }],

    "confbox": ["confbox@https://registry.npmjs.org/confbox/-/confbox-0.2.2.tgz", {}],

    "consola": ["consola@https://registry.npmjs.org/consola/-/consola-3.4.2.tgz", {}],

    "deepmerge-ts": ["deepmerge-ts@https://registry.npmjs.org/deepmerge-ts/-/deepmerge-ts-7.1.5.tgz", {}],

    "defu": ["defu@https://registry.npmjs.org/defu/-/defu-6.1.4.tgz", {}],

    "destr": ["destr@https://registry.npmjs.org/destr/-/destr-2.0.5.tgz", {}],

    "dotenv": ["dotenv@https://registry.npmjs.org/dotenv/-/dotenv-16.6.1.tgz", {}],

    "effect": ["effect@https://registry.npmjs.org/effect/-/effect-3.18.4.tgz", { "dependencies": { "@standard-schema/spec": "^1.0.0", "fast-check": "^3.23.1" } }],

    "empathic": ["empathic@https://registry.npmjs.org/empathic/-/empathic-2.0.0.tgz", {}],

    "exsolve": ["exsolve@https://registry.npmjs.org/exsolve/-/exsolve-1.0.8.tgz", {}],

    "fast-check": ["fast-check@https://registry.npmjs.org/fast-check/-/fast-check-3.23.2.tgz", { "dependencies": { "pure-rand": "^6.1.0" } }],

    "fs-extra": ["fs-extra@https://registry.npmjs.org/fs-extra/-/fs-extra-11.3.0.tgz", { "dependencies": { "graceful-fs": "^4.2.0", "jsonfile": "^6.0.1", "universalify": "^2.0.0" } }],

    "giget": ["giget@https://registry.npmjs.org/giget/-/giget-2.0.0.tgz", { "dependencies": { "citty": "^0.1.6", "consola": "^3.4.0", "defu": "^6.1.4", "node-fetch-native": "^1.6.6", "nypm": "^0.6.0", "pathe": "^2.0.3" } }],

    "graceful-fs": ["graceful-fs@https://registry.npmjs.org/graceful-fs/-/graceful-fs-4.2.11.tgz", {}],

    "jiti": ["jiti@https://registry.npmjs.org/jiti/-/jiti-2.6.1.tgz", {}],

    "jsonfile": ["jsonfile@https://registry.npmjs.org/jsonfile/-/jsonfile-6.1.0.tgz", { "dependencies": { "universalify": "^2.0.0" }, "optionalDependencies": { "graceful-fs": "^4.1.6" } }],

    "kleur": ["kleur@https://registry.npmjs.org/kleur/-/kleur-3.0.3.tgz", {}],

    "node-fetch-native": ["node-fetch-native@https://registry.npmjs.org/node-fetch-native/-/node-fetch-native-1.6.7.tgz", {}],

    "nypm": ["nypm@https://registry.npmjs.org/nypm/-/nypm-0.6.2.tgz", { "dependencies": { "citty": "^0.1.6", "consola": "^3.4.2", "pathe": "^2.0.3", "pkg-types": "^2.3.0", "tinyexec": "^1.0.1" } }],

    "ohash": ["ohash@https://registry.npmjs.org/ohash/-/ohash-2.0.11.tgz", {}],

    "pathe": ["pathe@https://registry.npmjs.org/pathe/-/pathe-2.0.3.tgz", {}],

    "perfect-debounce": ["perfect-debounce@https://registry.npmjs.org/perfect-debounce/-/perfect-debounce-1.0.0.tgz", {}],

    "pkg-types": ["pkg-types@https://registry.npmjs.org/pkg-types/-/pkg-types-2.3.0.tgz", { "dependencies": { "confbox": "^0.2.2", "exsolve": "^1.0.7", "pathe": "^2.0.3" } }],

    "prisma": ["prisma@https://registry.npmjs.org/prisma/-/prisma-6.19.1.tgz", { "dependencies": { "@prisma/config": "6.19.1", "@prisma/engines": "6.19.1" } }],

    "prompts": ["prompts@https://registry.npmjs.org/prompts/-/prompts-2.4.2.tgz", { "dependencies": { "kleur": "^3.0.3", "sisteransi": "^1.0.5" } }],

    "pure-rand": ["pure-rand@https://registry.npmjs.org/pure-rand/-/pure-rand-6.1.0.tgz", {}],

    "rc9": ["rc9@https://registry.npmjs.org/rc9/-/rc9-2.1.2.tgz", { "dependencies": { "defu": "^6.1.4", "destr": "^2.0.3" } }],

    "readdirp": ["readdirp@https://registry.npmjs.org/readdirp/-/readdirp-4.1.2.tgz", {}],

    "sisteransi": ["sisteransi@https://registry.npmjs.org/sisteransi/-/sisteransi-1.0.5.tgz", {}],

    "tinyexec": ["tinyexec@https://registry.npmjs.org/tinyexec/-/tinyexec-1.0.2.tgz", {}],

    "typescript": ["typescript@https://registry.npmjs.org/typescript/-/typescript-5.9.3.tgz", {}],

    "undici-types": ["undici-types@7.16.0", "", {}, "sha512-Zz+aZWSj8LE6zoxD+xrjh4VfkIG8Ya6LvYkZqtUQGJPZjYl53ypCaUwWqo7eI0x66KBGeRo+mlBEkMSeSZ38Nw=="],

    "universalify": ["universalify@https://registry.npmjs.org/universalify/-/universalify-2.0.1.tgz", {}],
  }
}
